
Microsoft Visual Studio Solution File, Format Version 12.00
# Visual Studio Version 17
VisualStudioVersion = 17.0.31919.166
MinimumVisualStudioVersion = 10.0.40219.1
Project("{FAE04EC0-301F-11D3-BF4B-00C04F79EFBC}") = "Revival", "Revival\Revival.csproj", "{BB63F3AA-8B3A-4438-8021-2991EE184BF7}"
EndProject
Global
	GlobalSection(SolutionConfigurationPlatforms) = preSolution
		Debug|Any CPU = Debug|Any CPU
		Release|Any CPU = Release|Any CPU
	EndGlobalSection
	GlobalSection(ProjectConfigurationPlatforms) = postSolution
		{BB63F3AA-8B3A-4438-8021-2991EE184BF7}.Debug|Any CPU.ActiveCfg = Debug|Any CPU
		{BB63F3AA-8B3A-4438-8021-2991EE184BF7}.Debug|Any CPU.Build.0 = Debug|Any CPU
		{BB63F3AA-8B3A-4438-8021-2991EE184BF7}.Release|Any CPU.ActiveCfg = Release|Any CPU
		{BB63F3AA-8B3A-4438-8021-2991EE184BF7}.Release|Any CPU.Build.0 = Release|Any CPU
	EndGlobalSection
	GlobalSection(SolutionProperties) = preSolution
		HideSolutionNode = FALSE
	EndGlobalSection
	GlobalSection(ExtensibilityGlobals) = postSolution
		SolutionGuid = {E3C4CC94-780C-40F0-8485-FD44BA4DDC17}
	EndGlobalSection
EndGlobal
